// !$*UTF8*$!
{
	archiveVersion = 1;
	classes = {
	};
	objectVersion = 50;
	objects = {

/* Begin PBXBuildFile section */
		BDE009EE236ABCB0008015CE /* AppDelegate.swift in Sources */ = {isa = PBXBuildFile; fileRef = BDE009ED236ABCB0008015CE /* AppDelegate.swift */; };
		BDE009F0236ABCB0008015CE /* SceneDelegate.swift in Sources */ = {isa = PBXBuildFile; fileRef = BDE009EF236ABCB0008015CE /* SceneDelegate.swift */; };
		BDE009F2236ABCB0008015CE /* MainViewController.swift in Sources */ = {isa = PBXBuildFile; fileRef = BDE009F1236ABCB0008015CE /* MainViewController.swift */; };
		BDE009F5236ABCB0008015CE /* Main.storyboard in Resources */ = {isa = PBXBuildFile; fileRef = BDE009F3236ABCB0008015CE /* Main.storyboard */; };
		BDE009F7236ABCB1008015CE /* Assets.xcassets in Resources */ = {isa = PBXBuildFile; fileRef = BDE009F6236ABCB1008015CE /* Assets.xcassets */; };
		BDE009FA236ABCB1008015CE /* LaunchScreen.storyboard in Resources */ = {isa = PBXBuildFile; fileRef = BDE009F8236ABCB1008015CE /* LaunchScreen.storyboard */; };
		BDE00A08236AC169008015CE /* MainPresenter.swift in Sources */ = {isa = PBXBuildFile; fileRef = BDE00A07236AC169008015CE /* MainPresenter.swift */; };
		BDE00A0A236AC181008015CE /* MainRouter.swift in Sources */ = {isa = PBXBuildFile; fileRef = BDE00A09236AC181008015CE /* MainRouter.swift */; };
		BDF56CE923751576002DFF63 /* MainGetColorInteractor.swift in Sources */ = {isa = PBXBuildFile; fileRef = BDF56CE823751576002DFF63 /* MainGetColorInteractor.swift */; };
		BDF56CEB23751CD0002DFF63 /* MainGetFontInteractor.swift in Sources */ = {isa = PBXBuildFile; fileRef = BDF56CEA23751CD0002DFF63 /* MainGetFontInteractor.swift */; };
/* End PBXBuildFile section */

/* Begin PBXFileReference section */
		BDE009EA236ABCB0008015CE /* viper_sample.app */ = {isa = PBXFileReference; explicitFileType = wrapper.application; includeInIndex = 0; path = viper_sample.app; sourceTree = BUILT_PRODUCTS_DIR; };
		BDE009ED236ABCB0008015CE /* AppDelegate.swift */ = {isa = PBXFileReference; lastKnownFileType = sourcecode.swift; path = AppDelegate.swift; sourceTree = "<group>"; };
		BDE009EF236ABCB0008015CE /* SceneDelegate.swift */ = {isa = PBXFileReference; lastKnownFileType = sourcecode.swift; path = SceneDelegate.swift; sourceTree = "<group>"; };
		BDE009F1236ABCB0008015CE /* MainViewController.swift */ = {isa = PBXFileReference; lastKnownFileType = sourcecode.swift; path = MainViewController.swift; sourceTree = "<group>"; };
		BDE009F4236ABCB0008015CE /* Base */ = {isa = PBXFileReference; lastKnownFileType = file.storyboard; name = Base; path = Base.lproj/Main.storyboard; sourceTree = "<group>"; };
		BDE009F6236ABCB1008015CE /* Assets.xcassets */ = {isa = PBXFileReference; lastKnownFileType = folder.assetcatalog; path = Assets.xcassets; sourceTree = "<group>"; };
		BDE009F9236ABCB1008015CE /* Base */ = {isa = PBXFileReference; lastKnownFileType = file.storyboard; name = Base; path = Base.lproj/LaunchScreen.storyboard; sourceTree = "<group>"; };
		BDE009FB236ABCB1008015CE /* Info.plist */ = {isa = PBXFileReference; lastKnownFileType = text.plist.xml; path = Info.plist; sourceTree = "<group>"; };
		BDE00A07236AC169008015CE /* MainPresenter.swift */ = {isa = PBXFileReference; lastKnownFileType = sourcecode.swift; path = MainPresenter.swift; sourceTree = "<group>"; };
		BDE00A09236AC181008015CE /* MainRouter.swift */ = {isa = PBXFileReference; lastKnownFileType = sourcecode.swift; path = MainRouter.swift; sourceTree = "<group>"; };
		BDF56CE823751576002DFF63 /* MainGetColorInteractor.swift */ = {isa = PBXFileReference; lastKnownFileType = sourcecode.swift; path = MainGetColorInteractor.swift; sourceTree = "<group>"; };
		BDF56CEA23751CD0002DFF63 /* MainGetFontInteractor.swift */ = {isa = PBXFileReference; lastKnownFileType = sourcecode.swift; path = MainGetFontInteractor.swift; sourceTree = "<group>"; };
/* End PBXFileReference section */

/* Begin PBXFrameworksBuildPhase section */
		BDE009E7236ABCB0008015CE /* Frameworks */ = {
			isa = PBXFrameworksBuildPhase;
			buildActionMask = 2147483647;
			files = (
			);
			runOnlyForDeploymentPostprocessing = 0;
		};
/* End PBXFrameworksBuildPhase section */

/* Begin PBXGroup section */
		BDE009E1236ABCB0008015CE = {
			isa = PBXGroup;
			children = (
				BDE009EC236ABCB0008015CE /* viper_sample */,
				BDE009EB236ABCB0008015CE /* Products */,
			);
			sourceTree = "<group>";
		};
		BDE009EB236ABCB0008015CE /* Products */ = {
			isa = PBXGroup;
			children = (
				BDE009EA236ABCB0008015CE /* viper_sample.app */,
			);
			name = Products;
			sourceTree = "<group>";
		};
		BDE009EC236ABCB0008015CE /* viper_sample */ = {
			isa = PBXGroup;
			children = (
				BDE00A01236ABCB8008015CE /* Main */,
				BDE009ED236ABCB0008015CE /* AppDelegate.swift */,
				BDE009EF236ABCB0008015CE /* SceneDelegate.swift */,
				BDE009F3236ABCB0008015CE /* Main.storyboard */,
				BDE009F6236ABCB1008015CE /* Assets.xcassets */,
				BDE009F8236ABCB1008015CE /* LaunchScreen.storyboard */,
				BDE009FB236ABCB1008015CE /* Info.plist */,
			);
			path = viper_sample;
			sourceTree = "<group>";
		};
		BDE00A01236ABCB8008015CE /* Main */ = {
			isa = PBXGroup;
			children = (
				BDE00A06236ABCE1008015CE /* View */,
				BDE00A05236ABCDA008015CE /* Interactor */,
				BDE00A02236ABCC0008015CE /* Presenter */,
				BDE00A04236ABCD0008015CE /* Entity */,
				BDE00A03236ABCC7008015CE /* Router */,
			);
			path = Main;
			sourceTree = "<group>";
		};
		BDE00A02236ABCC0008015CE /* Presenter */ = {
			isa = PBXGroup;
			children = (
				BDE00A07236AC169008015CE /* MainPresenter.swift */,
			);
			path = Presenter;
			sourceTree = "<group>";
		};
		BDE00A03236ABCC7008015CE /* Router */ = {
			isa = PBXGroup;
			children = (
				BDE00A09236AC181008015CE /* MainRouter.swift */,
			);
			path = Router;
			sourceTree = "<group>";
		};
		BDE00A04236ABCD0008015CE /* Entity */ = {
			isa = PBXGroup;
			children = (
			);
			path = Entity;
			sourceTree = "<group>";
		};
		BDE00A05236ABCDA008015CE /* Interactor */ = {
			isa = PBXGroup;
			children = (
				BDF56CE823751576002DFF63 /* MainGetColorInteractor.swift */,
				BDF56CEA23751CD0002DFF63 /* MainGetFontInteractor.swift */,
			);
			path = Interactor;
			sourceTree = "<group>";
		};
		BDE00A06236ABCE1008015CE /* View */ = {
			isa = PBXGroup;
			children = (
				BDE009F1236ABCB0008015CE /* MainViewController.swift */,
			);
			path = View;
			sourceTree = "<group>";
		};
/* End PBXGroup section */

/* Begin PBXNativeTarget section */
		BDE009E9236ABCB0008015CE /* viper_sample */ = {
			isa = PBXNativeTarget;
			buildConfigurationList = BDE009FE236ABCB1008015CE /* Build configuration list for PBXNativeTarget "viper_sample" */;
			buildPhases = (
				BDE009E6236ABCB0008015CE /* Sources */,
				BDE009E7236ABCB0008015CE /* Frameworks */,
				BDE009E8236ABCB0008015CE /* Resources */,
			);
			buildRules = (
			);
			dependencies = (
			);
			name = viper_sample;
			productName = viper_sample;
			productReference = BDE009EA236ABCB0008015CE /* viper_sample.app */;
			productType = "com.apple.product-type.application";
		};
/* End PBXNativeTarget section */

/* Begin PBXProject section */
		BDE009E2236ABCB0008015CE /* Project object */ = {
			isa = PBXProject;
			attributes = {
				LastSwiftUpdateCheck = 1120;
				LastUpgradeCheck = 1120;
				ORGANIZATIONNAME = "jerome cha";
				TargetAttributes = {
					BDE009E9236ABCB0008015CE = {
						CreatedOnToolsVersion = 11.2;
					};
				};
			};
			buildConfigurationList = BDE009E5236ABCB0008015CE /* Build configuration list for PBXProject "viper_sample" */;
			compatibilityVersion = "Xcode 9.3";
			developmentRegion = en;
			hasScannedForEncodings = 0;
			knownRegions = (
				en,
				Base,
			);
			mainGroup = BDE009E1236ABCB0008015CE;
			productRefGroup = BDE009EB236ABCB0008015CE /* Products */;
			projectDirPath = "";
			projectRoot = "";
			targets = (
				BDE009E9236ABCB0008015CE /* viper_sample */,
			);
		};
/* End PBXProject section */

/* Begin PBXResourcesBuildPhase section */
		BDE009E8236ABCB0008015CE /* Resources */ = {
			isa = PBXResourcesBuildPhase;
			buildActionMask = 2147483647;
			files = (
				BDE009FA236ABCB1008015CE /* LaunchScreen.storyboard in Resources */,
				BDE009F7236ABCB1008015CE /* Assets.xcassets in Resources */,
				BDE009F5236ABCB0008015CE /* Main.storyboard in Resources */,
			);
			runOnlyForDeploymentPostprocessing = 0;
		};
/* End PBXResourcesBuildPhase section */

/* Begin PBXSourcesBuildPhase section */
		BDE009E6236ABCB0008015CE /* Sources */ = {
			isa = PBXSourcesBuildPhase;
			buildActionMask = 2147483647;
			files = (
				BDE00A0A236AC181008015CE /* MainRouter.swift in Sources */,
				BDF56CE923751576002DFF63 /* MainGetColorInteractor.swift in Sources */,
				BDE009F2236ABCB0008015CE /* MainViewController.swift in Sources */,
				BDE009EE236ABCB0008015CE /* AppDelegate.swift in Sources */,
				BDF56CEB23751CD0002DFF63 /* MainGetFontInteractor.swift in Sources */,
				BDE009F0236ABCB0008015CE /* SceneDelegate.swift in Sources */,
				BDE00A08236AC169008015CE /* MainPresenter.swift in Sources */,
			);
			runOnlyForDeploymentPostprocessing = 0;
		};
/* End PBXSourcesBuildPhase section */

/* Begin PBXVariantGroup section */
		BDE009F3236ABCB0008015CE /* Main.storyboard */ = {
			isa = PBXVariantGroup;
			children = (
				BDE009F4236ABCB0008015CE /* Base */,
			);
			name = Main.storyboard;
			sourceTree = "<group>";
		};
		BDE009F8236ABCB1008015CE /* LaunchScreen.storyboard */ = {
			isa = PBXVariantGroup;
			children = (
				BDE009F9236ABCB1008015CE /* Base */,
			);
			name = LaunchScreen.storyboard;
			sourceTree = "<group>";
		};
/* End PBXVariantGroup section */

/* Begin XCBuildConfiguration section */
		BDE009FC236ABCB1008015CE /* Debug */ = {
			isa = XCBuildConfiguration;
			buildSettings = {
				ALWAYS_SEARCH_USER_PATHS = NO;
				CLANG_ANALYZER_NONNULL = YES;
				CLANG_ANALYZER_NUMBER_OBJECT_CONVERSION = YES_AGGRESSIVE;
				CLANG_CXX_LANGUAGE_STANDARD = "gnu++14";
				CLANG_CXX_LIBRARY = "libc++";
				CLANG_ENABLE_MODULES = YES;
				CLANG_ENABLE_OBJC_ARC = YES;
				CLANG_ENABLE_OBJC_WEAK = YES;
				CLANG_WARN_BLOCK_CAPTURE_AUTORELEASING = YES;
				CLANG_WARN_BOOL_CONVERSION = YES;
				CLANG_WARN_COMMA = YES;
				CLANG_WARN_CONSTANT_CONVERSION = YES;
				CLANG_WARN_DEPRECATED_OBJC_IMPLEMENTATIONS = YES;
				CLANG_WARN_DIRECT_OBJC_ISA_USAGE = YES_ERROR;
				CLANG_WARN_DOCUMENTATION_COMMENTS = YES;
				CLANG_WARN_EMPTY_BODY = YES;
				CLANG_WARN_ENUM_CONVERSION = YES;
				CLANG_WARN_INFINITE_RECURSION = YES;
				CLANG_WARN_INT_CONVERSION = YES;
				CLANG_WARN_NON_LITERAL_NULL_CONVERSION = YES;
				CLANG_WARN_OBJC_IMPLICIT_RETAIN_SELF = YES;
				CLANG_WARN_OBJC_LITERAL_CONVERSION = YES;
				CLANG_WARN_OBJC_ROOT_CLASS = YES_ERROR;
				CLANG_WARN_RANGE_LOOP_ANALYSIS = YES;
				CLANG_WARN_STRICT_PROTOTYPES = YES;
				CLANG_WARN_SUSPICIOUS_MOVE = YES;
				CLANG_WARN_UNGUARDED_AVAILABILITY = YES_AGGRESSIVE;
				CLANG_WARN_UNREACHABLE_CODE = YES;
				CLANG_WARN__DUPLICATE_METHOD_MATCH = YES;
				COPY_PHASE_STRIP = NO;
				DEBUG_INFORMATION_FORMAT = dwarf;
				ENABLE_STRICT_OBJC_MSGSEND = YES;
				ENABLE_TESTABILITY = YES;
				GCC_C_LANGUAGE_STANDARD = gnu11;
				GCC_DYNAMIC_NO_PIC = NO;
				GCC_NO_COMMON_BLOCKS = YES;
				GCC_OPTIMIZATION_LEVEL = 0;
				GCC_PREPROCESSOR_DEFINITIONS = (
					"DEBUG=1",
					"$(inherited)",
				);
				GCC_WARN_64_TO_32_BIT_CONVERSION = YES;
				GCC_WARN_ABOUT_RETURN_TYPE = YES_ERROR;
				GCC_WARN_UNDECLARED_SELECTOR = YES;
				GCC_WARN_UNINITIALIZED_AUTOS = YES_AGGRESSIVE;
				GCC_WARN_UNUSED_FUNCTION = YES;
				GCC_WARN_UNUSED_VARIABLE = YES;
				IPHONEOS_DEPLOYMENT_TARGET = 13.2;
				MTL_ENABLE_DEBUG_INFO = INCLUDE_SOURCE;
				MTL_FAST_MATH = YES;
				ONLY_ACTIVE_ARCH = YES;
				SDKROOT = iphoneos;
				SWIFT_ACTIVE_COMPILATION_CONDITIONS = DEBUG;
				SWIFT_OPTIMIZATION_LEVEL = "-Onone";
			};
			name = Debug;
		};
		BDE009FD236ABCB1008015CE /* Release */ = {
			isa = XCBuildConfiguration;
			buildSettings = {
				ALWAYS_SEARCH_USER_PATHS = NO;
				CLANG_ANALYZER_NONNULL = YES;
				CLANG_ANALYZER_NUMBER_OBJECT_CONVERSION = YES_AGGRESSIVE;
				CLANG_CXX_LANGUAGE_STANDARD = "gnu++14";
				CLANG_CXX_LIBRARY = "libc++";
				CLANG_ENABLE_MODULES = YES;
				CLANG_ENABLE_OBJC_ARC = YES;
				CLANG_ENABLE_OBJC_WEAK = YES;
				CLANG_WARN_BLOCK_CAPTURE_AUTORELEASING = YES;
				CLANG_WARN_BOOL_CONVERSION = YES;
				CLANG_WARN_COMMA = YES;
				CLANG_WARN_CONSTANT_CONVERSION = YES;
				CLANG_WARN_DEPRECATED_OBJC_IMPLEMENTATIONS = YES;
				CLANG_WARN_DIRECT_OBJC_ISA_USAGE = YES_ERROR;
				CLANG_WARN_DOCUMENTATION_COMMENTS = YES;
				CLANG_WARN_EMPTY_BODY = YES;
				CLANG_WARN_ENUM_CONVERSION = YES;
				CLANG_WARN_INFINITE_RECURSION = YES;
				CLANG_WARN_INT_CONVERSION = YES;
				CLANG_WARN_NON_LITERAL_NULL_CONVERSION = YES;
				CLANG_WARN_OBJC_IMPLICIT_RETAIN_SELF = YES;
				CLANG_WARN_OBJC_LITERAL_CONVERSION = YES;
				CLANG_WARN_OBJC_ROOT_CLASS = YES_ERROR;
				CLANG_WARN_RANGE_LOOP_ANALYSIS = YES;
				CLANG_WARN_STRICT_PROTOTYPES = YES;
				CLANG_WARN_SUSPICIOUS_MOVE = YES;
				CLANG_WARN_UNGUARDED_AVAILABILITY = YES_AGGRESSIVE;
				CLANG_WARN_UNREACHABLE_CODE = YES;
				CLANG_WARN__DUPLICATE_METHOD_MATCH = YES;
				COPY_PHASE_STRIP = NO;
				DEBUG_INFORMATION_FORMAT = "dwarf-with-dsym";
				ENABLE_NS_ASSERTIONS = NO;
				ENABLE_STRICT_OBJC_MSGSEND = YES;
				GCC_C_LANGUAGE_STANDARD = gnu11;
				GCC_NO_COMMON_BLOCKS = YES;
				GCC_WARN_64_TO_32_BIT_CONVERSION = YES;
				GCC_WARN_ABOUT_RETURN_TYPE = YES_ERROR;
				GCC_WARN_UNDECLARED_SELECTOR = YES;
				GCC_WARN_UNINITIALIZED_AUTOS = YES_AGGRESSIVE;
				GCC_WARN_UNUSED_FUNCTION = YES;
				GCC_WARN_UNUSED_VARIABLE = YES;
				IPHONEOS_DEPLOYMENT_TARGET = 13.2;
				MTL_ENABLE_DEBUG_INFO = NO;
				MTL_FAST_MATH = YES;
				SDKROOT = iphoneos;
				SWIFT_COMPILATION_MODE = wholemodule;
				SWIFT_OPTIMIZATION_LEVEL = "-O";
				VALIDATE_PRODUCT = YES;
			};
			name = Release;
		};
		BDE009FF236ABCB1008015CE /* Debug */ = {
			isa = XCBuildConfiguration;
			buildSettings = {
				ASSETCATALOG_COMPILER_APPICON_NAME = AppIcon;
				CODE_SIGN_STYLE = Automatic;
				DEVELOPMENT_TEAM = 7B74D6C3L5;
				INFOPLIST_FILE = viper_sample/Info.plist;
				IPHONEOS_DEPLOYMENT_TARGET = 13.0;
				LD_RUNPATH_SEARCH_PATHS = (
					"$(inherited)",
					"@executable_path/Frameworks",
				);
				PRODUCT_BUNDLE_IDENTIFIER = "com.jerome.viper-sample";
				PRODUCT_NAME = "$(TARGET_NAME)";
				SWIFT_VERSION = 5.0;
				TARGETED_DEVICE_FAMILY = "1,2";
			};
			name = Debug;
		};
		BDE00A00236ABCB1008015CE /* Release */ = {
			isa = XCBuildConfiguration;
			buildSettings = {
				ASSETCATALOG_COMPILER_APPICON_NAME = AppIcon;
				CODE_SIGN_STYLE = Automatic;
				DEVELOPMENT_TEAM = 7B74D6C3L5;
				INFOPLIST_FILE = viper_sample/Info.plist;
				IPHONEOS_DEPLOYMENT_TARGET = 13.0;
				LD_RUNPATH_SEARCH_PATHS = (
					"$(inherited)",
					"@executable_path/Frameworks",
				);
				PRODUCT_BUNDLE_IDENTIFIER = "com.jerome.viper-sample";
				PRODUCT_NAME = "$(TARGET_NAME)";
				SWIFT_VERSION = 5.0;
				TARGETED_DEVICE_FAMILY = "1,2";
			};
			name = Release;
		};
/* End XCBuildConfiguration section */

/* Begin XCConfigurationList section */
		BDE009E5236ABCB0008015CE /* Build configuration list for PBXProject "viper_sample" */ = {
			isa = XCConfigurationList;
			buildConfigurations = (
				BDE009FC236ABCB1008015CE /* Debug */,
				BDE009FD236ABCB1008015CE /* Release */,
			);
			defaultConfigurationIsVisible = 0;
			defaultConfigurationName = Release;
		};
		BDE009FE236ABCB1008015CE /* Build configuration list for PBXNativeTarget "viper_sample" */ = {
			isa = XCConfigurationList;
			buildConfigurations = (
				BDE009FF236ABCB1008015CE /* Debug */,
				BDE00A00236ABCB1008015CE /* Release */,
			);
			defaultConfigurationIsVisible = 0;
			defaultConfigurationName = Release;
		};
/* End XCConfigurationList section */
	};
	rootObject = BDE009E2236ABCB0008015CE /* Project object */;
}
